
Microsoft Visual Studio Solution File, Format Version 12.00
# Visual Studio Version 17
VisualStudioVersion = 17.9.34607.119
MinimumVisualStudioVersion = 10.0.40219.1
Project("{FAE04EC0-301F-11D3-BF4B-00C04F79EFBC}") = "ZipLink", "ZipLink\ZipLink.csproj", "{EBADCEE5-DAB2-48EF-8204-A5F579DF7076}"
EndProject
Project("{FAE04EC0-301F-11D3-BF4B-00C04F79EFBC}") = "BusinessLayer", "BusinessLayer\BusinessLayer.csproj", "{F92EA032-5C06-494A-9D1E-66F18F9A9A2E}"
EndProject
Project("{FAE04EC0-301F-11D3-BF4B-00C04F79EFBC}") = "Repository", "Repository\Repository.csproj", "{A1EF45BA-A4C5-41DD-80F5-E1C8515FBC3F}"
EndProject
Project("{FAE04EC0-301F-11D3-BF4B-00C04F79EFBC}") = "Models", "Models\Models.csproj", "{71A79D6A-BE44-45D5-BDE9-CE34BA50DF92}"
EndProject
Project("{FAE04EC0-301F-11D3-BF4B-00C04F79EFBC}") = "ConsumeLayer", "ConsumeLayer\ConsumeLayer.csproj", "{DFC51204-7FDD-479F-B786-31F7921600A8}"
EndProject
Global
	GlobalSection(SolutionConfigurationPlatforms) = preSolution
		Debug|Any CPU = Debug|Any CPU
		Release|Any CPU = Release|Any CPU
	EndGlobalSection
	GlobalSection(ProjectConfigurationPlatforms) = postSolution
		{EBADCEE5-DAB2-48EF-8204-A5F579DF7076}.Debug|Any CPU.ActiveCfg = Debug|Any CPU
		{EBADCEE5-DAB2-48EF-8204-A5F579DF7076}.Debug|Any CPU.Build.0 = Debug|Any CPU
		{EBADCEE5-DAB2-48EF-8204-A5F579DF7076}.Release|Any CPU.ActiveCfg = Release|Any CPU
		{EBADCEE5-DAB2-48EF-8204-A5F579DF7076}.Release|Any CPU.Build.0 = Release|Any CPU
		{F92EA032-5C06-494A-9D1E-66F18F9A9A2E}.Debug|Any CPU.ActiveCfg = Debug|Any CPU
		{F92EA032-5C06-494A-9D1E-66F18F9A9A2E}.Debug|Any CPU.Build.0 = Debug|Any CPU
		{F92EA032-5C06-494A-9D1E-66F18F9A9A2E}.Release|Any CPU.ActiveCfg = Release|Any CPU
		{F92EA032-5C06-494A-9D1E-66F18F9A9A2E}.Release|Any CPU.Build.0 = Release|Any CPU
		{A1EF45BA-A4C5-41DD-80F5-E1C8515FBC3F}.Debug|Any CPU.ActiveCfg = Debug|Any CPU
		{A1EF45BA-A4C5-41DD-80F5-E1C8515FBC3F}.Debug|Any CPU.Build.0 = Debug|Any CPU
		{A1EF45BA-A4C5-41DD-80F5-E1C8515FBC3F}.Release|Any CPU.ActiveCfg = Release|Any CPU
		{A1EF45BA-A4C5-41DD-80F5-E1C8515FBC3F}.Release|Any CPU.Build.0 = Release|Any CPU
		{71A79D6A-BE44-45D5-BDE9-CE34BA50DF92}.Debug|Any CPU.ActiveCfg = Debug|Any CPU
		{71A79D6A-BE44-45D5-BDE9-CE34BA50DF92}.Debug|Any CPU.Build.0 = Debug|Any CPU
		{71A79D6A-BE44-45D5-BDE9-CE34BA50DF92}.Release|Any CPU.ActiveCfg = Release|Any CPU
		{71A79D6A-BE44-45D5-BDE9-CE34BA50DF92}.Release|Any CPU.Build.0 = Release|Any CPU
		{DFC51204-7FDD-479F-B786-31F7921600A8}.Debug|Any CPU.ActiveCfg = Debug|Any CPU
		{DFC51204-7FDD-479F-B786-31F7921600A8}.Debug|Any CPU.Build.0 = Debug|Any CPU
		{DFC51204-7FDD-479F-B786-31F7921600A8}.Release|Any CPU.ActiveCfg = Release|Any CPU
		{DFC51204-7FDD-479F-B786-31F7921600A8}.Release|Any CPU.Build.0 = Release|Any CPU
	EndGlobalSection
	GlobalSection(SolutionProperties) = preSolution
		HideSolutionNode = FALSE
	EndGlobalSection
	GlobalSection(ExtensibilityGlobals) = postSolution
		SolutionGuid = {71351BBF-949E-470D-87F8-8B5B553C04EE}
	EndGlobalSection
EndGlobal
